
{
  "name": "coins",
  "version": "0.1.0",
  "lockfileVersion": 2,
  "requires": true,
  "packages": {
    "": {
      "name": "coins",
      "version": "0.1.0",
      "dependencies": {
        "bootstrap-icons": "^1.7.2",
        "bulma": "^0.9.3",
        "core-js": "^3.6.5",
        "vue": "^2.6.14",
        "vue-router": "^3.2.0",
        "vuex": "^3.4.0"
      },
      "devDependencies": {
        "@vue/cli-plugin-babel": "~4.5.0",
        "@vue/cli-plugin-eslint": "~4.5.0",
        "@vue/cli-plugin-router": "~4.5.0",
        "@vue/cli-plugin-vuex": "~4.5.0",
        "@vue/cli-service": "~4.5.0",
        "babel-eslint": "^10.1.0",
        "eslint": "^6.7.2",
        "eslint-plugin-vue": "^6.2.2",
        "vue-template-compiler": "^2.6.11"
      }
    },
    "node_modules/@babel/code-frame": {
      "version": "7.16.7",
      "resolved": "https://registry.npmmirror.com/@babel/code-frame/download/@babel/code-frame-7.16.7.tgz",
      "integrity": "sha512-iAXqUn8IIeBTNd72xsFlgaXHkMBMt6y4HJp1tIaK465CWLT/fG1aqB7ykr95gHHmlBdGbFeWWfyB4NJJ0nmeIg==",
      "dev": true,
      "dependencies": {
        "@babel/highlight": "^7.16.7"
      },
      "engines": {
        "node": ">=6.9.0"
      }
    },
    "node_modules/@babel/compat-data": {
      "version": "7.16.4",
      "resolved": "https://registry.npmmirror.com/@babel/compat-data/download/@babel/compat-data-7.16.4.tgz?cache=0&sync_timestamp=1637103048397&other_urls=https%3A%2F%2Fregistry.npmmirror.com%2F%40babel%2Fcompat-data%2Fdownload%2F%40babel%2Fcompat-data-7.16.4.tgz",
      "integrity": "sha512-1o/jo7D+kC9ZjHX5v+EHrdjl3PhxMrLSOTGsOdHJ+KL8HCaEK6ehrVL2RS6oHDZp+L7xLirLrPmQtEng769J/Q==",
      "dev": true,
      "engines": {
        "node": ">=6.9.0"
      }
    },
    "node_modules/@babel/core": {
      "version": "7.16.7",
      "resolved": "https://registry.npmmirror.com/@babel/core/download/@babel/core-7.16.7.tgz",
      "integrity": "sha512-aeLaqcqThRNZYmbMqtulsetOQZ/5gbR/dWruUCJcpas4Qoyy+QeagfDsPdMrqwsPRDNxJvBlRiZxxX7THO7qtA==",
      "dev": true,
      "dependencies": {
        "@babel/code-frame": "^7.16.7",
        "@babel/generator": "^7.16.7",
        "@babel/helper-compilation-targets": "^7.16.7",
        "@babel/helper-module-transforms": "^7.16.7",
        "@babel/helpers": "^7.16.7",
        "@babel/parser": "^7.16.7",
        "@babel/template": "^7.16.7",
        "@babel/traverse": "^7.16.7",
        "@babel/types": "^7.16.7",
        "convert-source-map": "^1.7.0",
        "debug": "^4.1.0",
        "gensync": "^1.0.0-beta.2",
        "json5": "^2.1.2",
        "semver": "^6.3.0",
        "source-map": "^0.5.0"
      },
      "engines": {
        "node": ">=6.9.0"
      }
    },
    "node_modules/@babel/generator": {
      "version": "7.16.7",
      "resolved": "https://registry.npmmirror.com/@babel/generator/download/@babel/generator-7.16.7.tgz",
      "integrity": "sha512-/ST3Sg8MLGY5HVYmrjOgL60ENux/HfO/CsUh7y4MalThufhE/Ff/6EibFDHi4jiDCaWfJKoqbE6oTh21c5hrRg==",
      "dev": true,
      "dependencies": {
        "@babel/types": "^7.16.7",
        "jsesc": "^2.5.1",
        "source-map": "^0.5.0"
      },
      "engines": {
        "node": ">=6.9.0"
      }
    },
    "node_modules/@babel/helper-annotate-as-pure": {
      "version": "7.16.7",
      "resolved": "https://registry.npmmirror.com/@babel/helper-annotate-as-pure/download/@babel/helper-annotate-as-pure-7.16.7.tgz",
      "integrity": "sha512-s6t2w/IPQVTAET1HitoowRGXooX8mCgtuP5195wD/QJPV6wYjpujCGF7JuMODVX2ZAJOf1GT6DT9MHEZvLOFSw==",
      "dev": true,
      "dependencies": {
        "@babel/types": "^7.16.7"
      },
      "engines": {
        "node": ">=6.9.0"
      }
    },